
Microsoft Visual Studio Solution File, Format Version 12.00
# Visual Studio 14
VisualStudioVersion = 14.0.24720.0
MinimumVisualStudioVersion = 10.0.40219.1
Project("{FAE04EC0-301F-11D3-BF4B-00C04F79EFBC}") = "Mvvm", "Mvvm\Mvvm.csproj", "{914F735C-2BD9-4B3B-873C-17638AE95193}"
EndProject
Project("{FAE04EC0-301F-11D3-BF4B-00C04F79EFBC}") = "Mvvm.Tests", "Mvvm.Tests\Mvvm.Tests.csproj", "{2DCD7436-8CB5-4FCB-8DED-4D0B4E4BE200}"
EndProject
Project("{FAE04EC0-301F-11D3-BF4B-00C04F79EFBC}") = "Mvvm.Example.Wpf", "Mvvm.Example.Wpf\Mvvm.Example.Wpf.csproj", "{ABE8E658-064C-4CC7-8FB8-CF77607A04CE}"
EndProject
Project("{2150E333-8FDC-42A3-9474-1A3956D46DE8}") = "Examples", "Examples", "{57EA59FF-E460-451D-AABB-628D9DFA6074}"
EndProject
Project("{FAE04EC0-301F-11D3-BF4B-00C04F79EFBC}") = "Mvvm.Example", "Mvvm.Example\Mvvm.Example.csproj", "{E06E2B8E-32BA-442F-B744-753FB1B93678}"
EndProject
Project("{FAE04EC0-301F-11D3-BF4B-00C04F79EFBC}") = "Mvvm.Example.Winform", "Mvvm.Example.Winform\Mvvm.Example.Winform.csproj", "{1857EB8E-A384-476A-86E3-79DC739BA563}"
EndProject
Project("{FAE04EC0-301F-11D3-BF4B-00C04F79EFBC}") = "Mvvm.Example.Universal", "Mvvm.Example.Universal\Mvvm.Example.Universal.csproj", "{5789D9CC-7436-417A-AB52-1E85CB26BDA3}"
EndProject
Project("{FAE04EC0-301F-11D3-BF4B-00C04F79EFBC}") = "Mvvm.Winform.BindingToolkit", "Mvvm.Winform.BindingToolkit\Mvvm.Winform.BindingToolkit.csproj", "{EA5FCB70-C99C-407A-AD9C-FBCCF23D89F9}"
EndProject
Global
	GlobalSection(SolutionConfigurationPlatforms) = preSolution
		Debug|Any CPU = Debug|Any CPU
		Debug|ARM = Debug|ARM
		Debug|x64 = Debug|x64
		Debug|x86 = Debug|x86
		Release|Any CPU = Release|Any CPU
		Release|ARM = Release|ARM
		Release|x64 = Release|x64
		Release|x86 = Release|x86
	EndGlobalSection
	GlobalSection(ProjectConfigurationPlatforms) = postSolution
		{914F735C-2BD9-4B3B-873C-17638AE95193}.Debug|Any CPU.ActiveCfg = Debug|Any CPU
		{914F735C-2BD9-4B3B-873C-17638AE95193}.Debug|Any CPU.Build.0 = Debug|Any CPU
		{914F735C-2BD9-4B3B-873C-17638AE95193}.Debug|ARM.ActiveCfg = Debug|Any CPU
		{914F735C-2BD9-4B3B-873C-17638AE95193}.Debug|ARM.Build.0 = Debug|Any CPU
		{914F735C-2BD9-4B3B-873C-17638AE95193}.Debug|x64.ActiveCfg = Debug|Any CPU
		{914F735C-2BD9-4B3B-873C-17638AE95193}.Debug|x64.Build.0 = Debug|Any CPU
		{914F735C-2BD9-4B3B-873C-17638AE95193}.Debug|x86.ActiveCfg = Debug|Any CPU
		{914F735C-2BD9-4B3B-873C-17638AE95193}.Debug|x86.Build.0 = Debug|Any CPU
		{914F735C-2BD9-4B3B-873C-17638AE95193}.Release|Any CPU.ActiveCfg = Release|Any CPU
		{914F735C-2BD9-4B3B-873C-17638AE95193}.Release|Any CPU.Build.0 = Release|Any CPU
		{914F735C-2BD9-4B3B-873C-17638AE95193}.Release|ARM.ActiveCfg = Release|Any CPU
		{914F735C-2BD9-4B3B-873C-17638AE95193}.Release|ARM.Build.0 = Release|Any CPU
		{914F735C-2BD9-4B3B-873C-17638AE95193}.Release|x64.ActiveCfg = Release|Any CPU
		{914F735C-2BD9-4B3B-873C-17638AE95193}.Release|x64.Build.0 = Release|Any CPU
		{914F735C-2BD9-4B3B-873C-17638AE95193}.Release|x86.ActiveCfg = Release|Any CPU
		{914F735C-2BD9-4B3B-873C-17638AE95193}.Release|x86.Build.0 = Release|Any CPU
		{2DCD7436-8CB5-4FCB-8DED-4D0B4E4BE200}.Debug|Any CPU.ActiveCfg = Debug|Any CPU
		{2DCD7436-8CB5-4FCB-8DED-4D0B4E4BE200}.Debug|Any CPU.Build.0 = Debug|Any CPU
		{2DCD7436-8CB5-4FCB-8DED-4D0B4E4BE200}.Debug|ARM.ActiveCfg = Debug|Any CPU
		{2DCD7436-8CB5-4FCB-8DED-4D0B4E4BE200}.Debug|ARM.Build.0 = Debug|Any CPU
		{2DCD7436-8CB5-4FCB-8DED-4D0B4E4BE200}.Debug|x64.ActiveCfg = Debug|Any CPU
		{2DCD7436-8CB5-4FCB-8DED-4D0B4E4BE200}.Debug|x64.Build.0 = Debug|Any CPU
		{2DCD7436-8CB5-4FCB-8DED-4D0B4E4BE200}.Debug|x86.ActiveCfg = Debug|Any CPU
		{2DCD7436-8CB5-4FCB-8DED-4D0B4E4BE200}.Debug|x86.Build.0 = Debug|Any CPU
		{2DCD7436-8CB5-4FCB-8DED-4D0B4E4BE200}.Release|Any CPU.ActiveCfg = Release|Any CPU
		{2DCD7436-8CB5-4FCB-8DED-4D0B4E4BE200}.Release|Any CPU.Build.0 = Release|Any CPU
		{2DCD7436-8CB5-4FCB-8DED-4D0B4E4BE200}.Release|ARM.ActiveCfg = Release|Any CPU
		{2DCD7436-8CB5-4FCB-8DED-4D0B4E4BE200}.Release|ARM.Build.0 = Release|Any CPU
		{2DCD7436-8CB5-4FCB-8DED-4D0B4E4BE200}.Release|x64.ActiveCfg = Release|Any CPU
		{2DCD7436-8CB5-4FCB-8DED-4D0B4E4BE200}.Release|x64.Build.0 = Release|Any CPU
		{2DCD7436-8CB5-4FCB-8DED-4D0B4E4BE200}.Release|x86.ActiveCfg = Release|Any CPU
		{2DCD7436-8CB5-4FCB-8DED-4D0B4E4BE200}.Release|x86.Build.0 = Release|Any CPU
		{ABE8E658-064C-4CC7-8FB8-CF77607A04CE}.Debug|Any CPU.ActiveCfg = Debug|Any CPU
		{ABE8E658-064C-4CC7-8FB8-CF77607A04CE}.Debug|Any CPU.Build.0 = Debug|Any CPU
		{ABE8E658-064C-4CC7-8FB8-CF77607A04CE}.Debug|ARM.ActiveCfg = Debug|Any CPU
		{ABE8E658-064C-4CC7-8FB8-CF77607A04CE}.Debug|ARM.Build.0 = Debug|Any CPU
		{ABE8E658-064C-4CC7-8FB8-CF77607A04CE}.Debug|x64.ActiveCfg = Debug|Any CPU
		{ABE8E658-064C-4CC7-8FB8-CF77607A04CE}.Debug|x64.Build.0 = Debug|Any CPU
		{ABE8E658-064C-4CC7-8FB8-CF77607A04CE}.Debug|x86.ActiveCfg = Debug|Any CPU
		{ABE8E658-064C-4CC7-8FB8-CF77607A04CE}.Debug|x86.Build.0 = Debug|Any CPU
		{ABE8E658-064C-4CC7-8FB8-CF77607A04CE}.Release|Any CPU.ActiveCfg = Release|Any CPU
		{ABE8E658-064C-4CC7-8FB8-CF77607A04CE}.Release|Any CPU.Build.0 = Release|Any CPU
		{ABE8E658-064C-4CC7-8FB8-CF77607A04CE}.Release|ARM.ActiveCfg = Release|Any CPU
		{ABE8E658-064C-4CC7-8FB8-CF77607A04CE}.Release|ARM.Build.0 = Release|Any CPU
		{ABE8E658-064C-4CC7-8FB8-CF77607A04CE}.Release|x64.ActiveCfg = Release|Any CPU
		{ABE8E658-064C-4CC7-8FB8-CF77607A04CE}.Release|x64.Build.0 = Release|Any CPU
		{ABE8E658-064C-4CC7-8FB8-CF77607A04CE}.Release|x86.ActiveCfg = Release|Any CPU
		{ABE8E658-064C-4CC7-8FB8-CF77607A04CE}.Release|x86.Build.0 = Release|Any CPU
		{E06E2B8E-32BA-442F-B744-753FB1B93678}.Debug|Any CPU.ActiveCfg = Debug|Any CPU
		{E06E2B8E-32BA-442F-B744-753FB1B93678}.Debug|Any CPU.Build.0 = Debug|Any CPU
		{E06E2B8E-32BA-442F-B744-753FB1B93678}.Debug|ARM.ActiveCfg = Debug|Any CPU
		{E06E2B8E-32BA-442F-B744-753FB1B93678}.Debug|ARM.Build.0 = Debug|Any CPU
		{E06E2B8E-32BA-442F-B744-753FB1B93678}.Debug|x64.ActiveCfg = Debug|Any CPU
		{E06E2B8E-32BA-442F-B744-753FB1B93678}.Debug|x64.Build.0 = Debug|Any CPU
		{E06E2B8E-32BA-442F-B744-753FB1B93678}.Debug|x86.ActiveCfg = Debug|Any CPU
		{E06E2B8E-32BA-442F-B744-753FB1B93678}.Debug|x86.Build.0 = Debug|Any CPU
		{E06E2B8E-32BA-442F-B744-753FB1B93678}.Release|Any CPU.ActiveCfg = Release|Any CPU
		{E06E2B8E-32BA-442F-B744-753FB1B93678}.Release|Any CPU.Build.0 = Release|Any CPU
		{E06E2B8E-32BA-442F-B744-753FB1B93678}.Release|ARM.ActiveCfg = Release|Any CPU
		{E06E2B8E-32BA-442F-B744-753FB1B93678}.Release|ARM.Build.0 = Release|Any CPU
		{E06E2B8E-32BA-442F-B744-753FB1B93678}.Release|x64.ActiveCfg = Release|Any CPU
		{E06E2B8E-32BA-442F-B744-753FB1B93678}.Release|x64.Build.0 = Release|Any CPU
		{E06E2B8E-32BA-442F-B744-753FB1B93678}.Release|x86.ActiveCfg = Release|Any CPU
		{E06E2B8E-32BA-442F-B744-753FB1B93678}.Release|x86.Build.0 = Release|Any CPU
		{1857EB8E-A384-476A-86E3-79DC739BA563}.Debug|Any CPU.ActiveCfg = Debug|Any CPU
		{1857EB8E-A384-476A-86E3-79DC739BA563}.Debug|Any CPU.Build.0 = Debug|Any CPU
		{1857EB8E-A384-476A-86E3-79DC739BA563}.Debug|ARM.ActiveCfg = Debug|Any CPU
		{1857EB8E-A384-476A-86E3-79DC739BA563}.Debug|ARM.Build.0 = Debug|Any CPU
		{1857EB8E-A384-476A-86E3-79DC739BA563}.Debug|x64.ActiveCfg = Debug|Any CPU
		{1857EB8E-A384-476A-86E3-79DC739BA563}.Debug|x64.Build.0 = Debug|Any CPU
		{1857EB8E-A384-476A-86E3-79DC739BA563}.Debug|x86.ActiveCfg = Debug|Any CPU
		{1857EB8E-A384-476A-86E3-79DC739BA563}.Debug|x86.Build.0 = Debug|Any CPU
		{1857EB8E-A384-476A-86E3-79DC739BA563}.Release|Any CPU.ActiveCfg = Release|Any CPU
		{1857EB8E-A384-476A-86E3-79DC739BA563}.Release|Any CPU.Build.0 = Release|Any CPU
		{1857EB8E-A384-476A-86E3-79DC739BA563}.Release|ARM.ActiveCfg = Release|Any CPU
		{1857EB8E-A384-476A-86E3-79DC739BA563}.Release|ARM.Build.0 = Release|Any CPU
		{1857EB8E-A384-476A-86E3-79DC739BA563}.Release|x64.ActiveCfg = Release|Any CPU
		{1857EB8E-A384-476A-86E3-79DC739BA563}.Release|x64.Build.0 = Release|Any CPU
		{1857EB8E-A384-476A-86E3-79DC739BA563}.Release|x86.ActiveCfg = Release|Any CPU
		{1857EB8E-A384-476A-86E3-79DC739BA563}.Release|x86.Build.0 = Release|Any CPU
		{5789D9CC-7436-417A-AB52-1E85CB26BDA3}.Debug|Any CPU.ActiveCfg = Debug|x86
		{5789D9CC-7436-417A-AB52-1E85CB26BDA3}.Debug|ARM.ActiveCfg = Debug|ARM
		{5789D9CC-7436-417A-AB52-1E85CB26BDA3}.Debug|ARM.Build.0 = Debug|ARM
		{5789D9CC-7436-417A-AB52-1E85CB26BDA3}.Debug|ARM.Deploy.0 = Debug|ARM
		{5789D9CC-7436-417A-AB52-1E85CB26BDA3}.Debug|x64.ActiveCfg = Debug|x64
		{5789D9CC-7436-417A-AB52-1E85CB26BDA3}.Debug|x64.Build.0 = Debug|x64
		{5789D9CC-7436-417A-AB52-1E85CB26BDA3}.Debug|x64.Deploy.0 = Debug|x64
		{5789D9CC-7436-417A-AB52-1E85CB26BDA3}.Debug|x86.ActiveCfg = Debug|x86
		{5789D9CC-7436-417A-AB52-1E85CB26BDA3}.Debug|x86.Build.0 = Debug|x86
		{5789D9CC-7436-417A-AB52-1E85CB26BDA3}.Debug|x86.Deploy.0 = Debug|x86
		{5789D9CC-7436-417A-AB52-1E85CB26BDA3}.Release|Any CPU.ActiveCfg = Release|x86
		{5789D9CC-7436-417A-AB52-1E85CB26BDA3}.Release|ARM.ActiveCfg = Release|ARM
		{5789D9CC-7436-417A-AB52-1E85CB26BDA3}.Release|ARM.Build.0 = Release|ARM
		{5789D9CC-7436-417A-AB52-1E85CB26BDA3}.Release|ARM.Deploy.0 = Release|ARM
		{5789D9CC-7436-417A-AB52-1E85CB26BDA3}.Release|x64.ActiveCfg = Release|x64
		{5789D9CC-7436-417A-AB52-1E85CB26BDA3}.Release|x64.Build.0 = Release|x64
		{5789D9CC-7436-417A-AB52-1E85CB26BDA3}.Release|x64.Deploy.0 = Release|x64
		{5789D9CC-7436-417A-AB52-1E85CB26BDA3}.Release|x86.ActiveCfg = Release|x86
		{5789D9CC-7436-417A-AB52-1E85CB26BDA3}.Release|x86.Build.0 = Release|x86
		{5789D9CC-7436-417A-AB52-1E85CB26BDA3}.Release|x86.Deploy.0 = Release|x86
		{EA5FCB70-C99C-407A-AD9C-FBCCF23D89F9}.Debug|Any CPU.ActiveCfg = Debug|Any CPU
		{EA5FCB70-C99C-407A-AD9C-FBCCF23D89F9}.Debug|Any CPU.Build.0 = Debug|Any CPU
		{EA5FCB70-C99C-407A-AD9C-FBCCF23D89F9}.Debug|ARM.ActiveCfg = Debug|Any CPU
		{EA5FCB70-C99C-407A-AD9C-FBCCF23D89F9}.Debug|ARM.Build.0 = Debug|Any CPU
		{EA5FCB70-C99C-407A-AD9C-FBCCF23D89F9}.Debug|x64.ActiveCfg = Debug|Any CPU
		{EA5FCB70-C99C-407A-AD9C-FBCCF23D89F9}.Debug|x64.Build.0 = Debug|Any CPU
		{EA5FCB70-C99C-407A-AD9C-FBCCF23D89F9}.Debug|x86.ActiveCfg = Debug|Any CPU
		{EA5FCB70-C99C-407A-AD9C-FBCCF23D89F9}.Debug|x86.Build.0 = Debug|Any CPU
		{EA5FCB70-C99C-407A-AD9C-FBCCF23D89F9}.Release|Any CPU.ActiveCfg = Release|Any CPU
		{EA5FCB70-C99C-407A-AD9C-FBCCF23D89F9}.Release|Any CPU.Build.0 = Release|Any CPU
		{EA5FCB70-C99C-407A-AD9C-FBCCF23D89F9}.Release|ARM.ActiveCfg = Release|Any CPU
		{EA5FCB70-C99C-407A-AD9C-FBCCF23D89F9}.Release|ARM.Build.0 = Release|Any CPU
		{EA5FCB70-C99C-407A-AD9C-FBCCF23D89F9}.Release|x64.ActiveCfg = Release|Any CPU
		{EA5FCB70-C99C-407A-AD9C-FBCCF23D89F9}.Release|x64.Build.0 = Release|Any CPU
		{EA5FCB70-C99C-407A-AD9C-FBCCF23D89F9}.Release|x86.ActiveCfg = Release|Any CPU
		{EA5FCB70-C99C-407A-AD9C-FBCCF23D89F9}.Release|x86.Build.0 = Release|Any CPU
	EndGlobalSection
	GlobalSection(SolutionProperties) = preSolution
		HideSolutionNode = FALSE
	EndGlobalSection
	GlobalSection(NestedProjects) = preSolution
		{ABE8E658-064C-4CC7-8FB8-CF77607A04CE} = {57EA59FF-E460-451D-AABB-628D9DFA6074}
		{E06E2B8E-32BA-442F-B744-753FB1B93678} = {57EA59FF-E460-451D-AABB-628D9DFA6074}
		{1857EB8E-A384-476A-86E3-79DC739BA563} = {57EA59FF-E460-451D-AABB-628D9DFA6074}
		{5789D9CC-7436-417A-AB52-1E85CB26BDA3} = {57EA59FF-E460-451D-AABB-628D9DFA6074}
	EndGlobalSection
EndGlobal
