
Microsoft Visual Studio Solution File, Format Version 12.00
# Visual Studio 14
VisualStudioVersion = 14.0.25123.0
MinimumVisualStudioVersion = 10.0.40219.1
Project("{FAE04EC0-301F-11D3-BF4B-00C04F79EFBC}") = "Mvvm", "Mvvm\Mvvm.csproj", "{914F735C-2BD9-4B3B-873C-17638AE95193}"
EndProject
Project("{FAE04EC0-301F-11D3-BF4B-00C04F79EFBC}") = "Mvvm.Tests", "Mvvm.Tests\Mvvm.Tests.csproj", "{2DCD7436-8CB5-4FCB-8DED-4D0B4E4BE200}"
EndProject
Project("{FAE04EC0-301F-11D3-BF4B-00C04F79EFBC}") = "Mvvm.Example.Wpf", "Mvvm.Example.Wpf\Mvvm.Example.Wpf.csproj", "{ABE8E658-064C-4CC7-8FB8-CF77607A04CE}"
EndProject
Project("{2150E333-8FDC-42A3-9474-1A3956D46DE8}") = "Examples", "Examples", "{57EA59FF-E460-451D-AABB-628D9DFA6074}"
EndProject
Project("{FAE04EC0-301F-11D3-BF4B-00C04F79EFBC}") = "Mvvm.Example", "Mvvm.Example\Mvvm.Example.csproj", "{E06E2B8E-32BA-442F-B744-753FB1B93678}"
EndProject
Global
	GlobalSection(SolutionConfigurationPlatforms) = preSolution
		Debug|Any CPU = Debug|Any CPU
		Release|Any CPU = Release|Any CPU
	EndGlobalSection
	GlobalSection(ProjectConfigurationPlatforms) = postSolution
		{914F735C-2BD9-4B3B-873C-17638AE95193}.Debug|Any CPU.ActiveCfg = Debug|Any CPU
		{914F735C-2BD9-4B3B-873C-17638AE95193}.Debug|Any CPU.Build.0 = Debug|Any CPU
		{914F735C-2BD9-4B3B-873C-17638AE95193}.Release|Any CPU.ActiveCfg = Release|Any CPU
		{914F735C-2BD9-4B3B-873C-17638AE95193}.Release|Any CPU.Build.0 = Release|Any CPU
		{2DCD7436-8CB5-4FCB-8DED-4D0B4E4BE200}.Debug|Any CPU.ActiveCfg = Debug|Any CPU
		{2DCD7436-8CB5-4FCB-8DED-4D0B4E4BE200}.Debug|Any CPU.Build.0 = Debug|Any CPU
		{2DCD7436-8CB5-4FCB-8DED-4D0B4E4BE200}.Release|Any CPU.ActiveCfg = Release|Any CPU
		{2DCD7436-8CB5-4FCB-8DED-4D0B4E4BE200}.Release|Any CPU.Build.0 = Release|Any CPU
		{ABE8E658-064C-4CC7-8FB8-CF77607A04CE}.Debug|Any CPU.ActiveCfg = Debug|Any CPU
		{ABE8E658-064C-4CC7-8FB8-CF77607A04CE}.Debug|Any CPU.Build.0 = Debug|Any CPU
		{ABE8E658-064C-4CC7-8FB8-CF77607A04CE}.Release|Any CPU.ActiveCfg = Release|Any CPU
		{ABE8E658-064C-4CC7-8FB8-CF77607A04CE}.Release|Any CPU.Build.0 = Release|Any CPU
		{E06E2B8E-32BA-442F-B744-753FB1B93678}.Debug|Any CPU.ActiveCfg = Debug|Any CPU
		{E06E2B8E-32BA-442F-B744-753FB1B93678}.Debug|Any CPU.Build.0 = Debug|Any CPU
		{E06E2B8E-32BA-442F-B744-753FB1B93678}.Release|Any CPU.ActiveCfg = Release|Any CPU
		{E06E2B8E-32BA-442F-B744-753FB1B93678}.Release|Any CPU.Build.0 = Release|Any CPU
	EndGlobalSection
	GlobalSection(SolutionProperties) = preSolution
		HideSolutionNode = FALSE
	EndGlobalSection
	GlobalSection(NestedProjects) = preSolution
		{ABE8E658-064C-4CC7-8FB8-CF77607A04CE} = {57EA59FF-E460-451D-AABB-628D9DFA6074}
		{E06E2B8E-32BA-442F-B744-753FB1B93678} = {57EA59FF-E460-451D-AABB-628D9DFA6074}
	EndGlobalSection
EndGlobal
